// !$*UTF8*$!
{
	archiveVersion = 1;
	classes = {
	};
	objectVersion = 46;
	objects = {

/* Begin PBXBuildFile section */
		329F815D1EB323A7007F20AB /* BMViewController.m in Sources */ = {isa = PBXBuildFile; fileRef = 329F815B1EB323A7007F20AB /* BMViewController.m */; };
		329F815E1EB323A7007F20AB /* BMViewController.xib in Resources */ = {isa = PBXBuildFile; fileRef = 329F815C1EB323A7007F20AB /* BMViewController.xib */; };
		32A3FBFF1EB2C96900672716 /* BMBaseScanningController.m in Sources */ = {isa = PBXBuildFile; fileRef = 32A3FBFD1EB2C96900672716 /* BMBaseScanningController.m */; };
		32A3FC041EB2D2E200672716 /* BMDefaultScanningController.m in Sources */ = {isa = PBXBuildFile; fileRef = 32A3FC021EB2D2E200672716 /* BMDefaultScanningController.m */; };
		32A3FC091EB2D41800672716 /* BMScanSettingView.m in Sources */ = {isa = PBXBuildFile; fileRef = 32A3FC071EB2D41800672716 /* BMScanSettingView.m */; };
		32A3FC0A1EB2D41800672716 /* BMScanSettingView.xib in Resources */ = {isa = PBXBuildFile; fileRef = 32A3FC081EB2D41800672716 /* BMScanSettingView.xib */; };
		32A3FC131EB2D54100672716 /* bm_scafn_image_qr_corner_001_@2x.png in Resources */ = {isa = PBXBuildFile; fileRef = 32A3FC0B1EB2D54100672716 /* bm_scafn_image_qr_corner_001_@2x.png */; };
		32A3FC141EB2D54100672716 /* bm_scafn_image_qr_corner_001_@3x.png in Resources */ = {isa = PBXBuildFile; fileRef = 32A3FC0C1EB2D54100672716 /* bm_scafn_image_qr_corner_001_@3x.png */; };
		32A3FC151EB2D54100672716 /* bm_scafn_image_qr_corner_002_@2x.png in Resources */ = {isa = PBXBuildFile; fileRef = 32A3FC0D1EB2D54100672716 /* bm_scafn_image_qr_corner_002_@2x.png */; };
		32A3FC161EB2D54100672716 /* bm_scafn_image_qr_corner_002_@3x.png in Resources */ = {isa = PBXBuildFile; fileRef = 32A3FC0E1EB2D54100672716 /* bm_scafn_image_qr_corner_002_@3x.png */; };
		32A3FC171EB2D54100672716 /* bm_scafn_image_qr_corner_003_@2x.png in Resources */ = {isa = PBXBuildFile; fileRef = 32A3FC0F1EB2D54100672716 /* bm_scafn_image_qr_corner_003_@2x.png */; };
		32A3FC181EB2D54100672716 /* bm_scafn_image_qr_corner_003_@3x.png in Resources */ = {isa = PBXBuildFile; fileRef = 32A3FC101EB2D54100672716 /* bm_scafn_image_qr_corner_003_@3x.png */; };
		32A3FC191EB2D54100672716 /* bm_scafn_image_qr_corner_004_@2x.png in Resources */ = {isa = PBXBuildFile; fileRef = 32A3FC111EB2D54100672716 /* bm_scafn_image_qr_corner_004_@2x.png */; };
		32A3FC1A1EB2D54100672716 /* bm_scafn_image_qr_corner_004_@3x.png in Resources */ = {isa = PBXBuildFile; fileRef = 32A3FC121EB2D54100672716 /* bm_scafn_image_qr_corner_004_@3x.png */; };
		32D1BA841EB076C50013A886 /* main.m in Sources */ = {isa = PBXBuildFile; fileRef = 32D1BA831EB076C50013A886 /* main.m */; };
		32D1BA871EB076C50013A886 /* AppDelegate.m in Sources */ = {isa = PBXBuildFile; fileRef = 32D1BA861EB076C50013A886 /* AppDelegate.m */; };
		32D1BA8A1EB076C50013A886 /* ViewController.m in Sources */ = {isa = PBXBuildFile; fileRef = 32D1BA891EB076C50013A886 /* ViewController.m */; };
		32D1BA8D1EB076C50013A886 /* Main.storyboard in Resources */ = {isa = PBXBuildFile; fileRef = 32D1BA8B1EB076C50013A886 /* Main.storyboard */; };
		32D1BA8F1EB076C50013A886 /* Assets.xcassets in Resources */ = {isa = PBXBuildFile; fileRef = 32D1BA8E1EB076C50013A886 /* Assets.xcassets */; };
		32D1BA921EB076C50013A886 /* LaunchScreen.storyboard in Resources */ = {isa = PBXBuildFile; fileRef = 32D1BA901EB076C50013A886 /* LaunchScreen.storyboard */; };
		32D1BA9D1EB076C50013A886 /* ____Tests.m in Sources */ = {isa = PBXBuildFile; fileRef = 32D1BA9C1EB076C50013A886 /* ____Tests.m */; };
		32D1BAA81EB076C50013A886 /* ____UITests.m in Sources */ = {isa = PBXBuildFile; fileRef = 32D1BAA71EB076C50013A886 /* ____UITests.m */; };
		32F07F621EB2DC6200399EE1 /* bm_scafn_image_qr_scan_line@2x.png in Resources */ = {isa = PBXBuildFile; fileRef = 32F07F611EB2DC6200399EE1 /* bm_scafn_image_qr_scan_line@2x.png */; };
/* End PBXBuildFile section */

/* Begin PBXContainerItemProxy section */
		32D1BA991EB076C50013A886 /* PBXContainerItemProxy */ = {
			isa = PBXContainerItemProxy;
			containerPortal = 32D1BA771EB076C50013A886 /* Project object */;
			proxyType = 1;
			remoteGlobalIDString = 32D1BA7E1EB076C50013A886;
			remoteInfo = "扫描封装";
		};
		32D1BAA41EB076C50013A886 /* PBXContainerItemProxy */ = {
			isa = PBXContainerItemProxy;
			containerPortal = 32D1BA771EB076C50013A886 /* Project object */;
			proxyType = 1;
			remoteGlobalIDString = 32D1BA7E1EB076C50013A886;
			remoteInfo = "扫描封装";
		};
/* End PBXContainerItemProxy section */

/* Begin PBXFileReference section */
		329F815A1EB323A7007F20AB /* BMViewController.h */ = {isa = PBXFileReference; fileEncoding = 4; lastKnownFileType = sourcecode.c.h; path = BMViewController.h; sourceTree = "<group>"; };
		329F815B1EB323A7007F20AB /* BMViewController.m */ = {isa = PBXFileReference; fileEncoding = 4; lastKnownFileType = sourcecode.c.objc; path = BMViewController.m; sourceTree = "<group>"; };
		329F815C1EB323A7007F20AB /* BMViewController.xib */ = {isa = PBXFileReference; fileEncoding = 4; lastKnownFileType = file.xib; path = BMViewController.xib; sourceTree = "<group>"; };
		32A3FBFC1EB2C96900672716 /* BMBaseScanningController.h */ = {isa = PBXFileReference; fileEncoding = 4; lastKnownFileType = sourcecode.c.h; path = BMBaseScanningController.h; sourceTree = "<group>"; };
		32A3FBFD1EB2C96900672716 /* BMBaseScanningController.m */ = {isa = PBXFileReference; fileEncoding = 4; lastKnownFileType = sourcecode.c.objc; path = BMBaseScanningController.m; sourceTree = "<group>"; };
		32A3FC011EB2D2E200672716 /* BMDefaultScanningController.h */ = {isa = PBXFileReference; fileEncoding = 4; lastKnownFileType = sourcecode.c.h; path = BMDefaultScanningController.h; sourceTree = "<group>"; };
		32A3FC021EB2D2E200672716 /* BMDefaultScanningController.m */ = {isa = PBXFileReference; fileEncoding = 4; lastKnownFileType = sourcecode.c.objc; path = BMDefaultScanningController.m; sourceTree = "<group>"; };
		32A3FC061EB2D41800672716 /* BMScanSettingView.h */ = {isa = PBXFileReference; fileEncoding = 4; lastKnownFileType = sourcecode.c.h; path = BMScanSettingView.h; sourceTree = "<group>"; };
		32A3FC071EB2D41800672716 /* BMScanSettingView.m */ = {isa = PBXFileReference; fileEncoding = 4; lastKnownFileType = sourcecode.c.objc; path = BMScanSettingView.m; sourceTree = "<group>"; };
		32A3FC081EB2D41800672716 /* BMScanSettingView.xib */ = {isa = PBXFileReference; fileEncoding = 4; lastKnownFileType = file.xib; path = BMScanSettingView.xib; sourceTree = "<group>"; };
		32A3FC0B1EB2D54100672716 /* bm_scafn_image_qr_corner_001_@2x.png */ = {isa = PBXFileReference; lastKnownFileType = image.png; path = "bm_scafn_image_qr_corner_001_@2x.png"; sourceTree = "<group>"; };
		32A3FC0C1EB2D54100672716 /* bm_scafn_image_qr_corner_001_@3x.png */ = {isa = PBXFileReference; lastKnownFileType = image.png; path = "bm_scafn_image_qr_corner_001_@3x.png"; sourceTree = "<group>"; };
		32A3FC0D1EB2D54100672716 /* bm_scafn_image_qr_corner_002_@2x.png */ = {isa = PBXFileReference; lastKnownFileType = image.png; path = "bm_scafn_image_qr_corner_002_@2x.png"; sourceTree = "<group>"; };
		32A3FC0E1EB2D54100672716 /* bm_scafn_image_qr_corner_002_@3x.png */ = {isa = PBXFileReference; lastKnownFileType = image.png; path = "bm_scafn_image_qr_corner_002_@3x.png"; sourceTree = "<group>"; };
		32A3FC0F1EB2D54100672716 /* bm_scafn_image_qr_corner_003_@2x.png */ = {isa = PBXFileReference; lastKnownFileType = image.png; path = "bm_scafn_image_qr_corner_003_@2x.png"; sourceTree = "<group>"; };
		32A3FC101EB2D54100672716 /* bm_scafn_image_qr_corner_003_@3x.png */ = {isa = PBXFileReference; lastKnownFileType = image.png; path = "bm_scafn_image_qr_corner_003_@3x.png"; sourceTree = "<group>"; };
		32A3FC111EB2D54100672716 /* bm_scafn_image_qr_corner_004_@2x.png */ = {isa = PBXFileReference; lastKnownFileType = image.png; path = "bm_scafn_image_qr_corner_004_@2x.png"; sourceTree = "<group>"; };
		32A3FC121EB2D54100672716 /* bm_scafn_image_qr_corner_004_@3x.png */ = {isa = PBXFileReference; lastKnownFileType = image.png; path = "bm_scafn_image_qr_corner_004_@3x.png"; sourceTree = "<group>"; };
		32D1BA7F1EB076C50013A886 /* 扫描封装.app */ = {isa = PBXFileReference; explicitFileType = wrapper.application; includeInIndex = 0; path = "扫描封装.app"; sourceTree = BUILT_PRODUCTS_DIR; };
		32D1BA831EB076C50013A886 /* main.m */ = {isa = PBXFileReference; lastKnownFileType = sourcecode.c.objc; path = main.m; sourceTree = "<group>"; };
		32D1BA851EB076C50013A886 /* AppDelegate.h */ = {isa = PBXFileReference; lastKnownFileType = sourcecode.c.h; path = AppDelegate.h; sourceTree = "<group>"; };
		32D1BA861EB076C50013A886 /* AppDelegate.m */ = {isa = PBXFileReference; lastKnownFileType = sourcecode.c.objc; path = AppDelegate.m; sourceTree = "<group>"; };
		32D1BA881EB076C50013A886 /* ViewController.h */ = {isa = PBXFileReference; lastKnownFileType = sourcecode.c.h; path = ViewController.h; sourceTree = "<group>"; };
		32D1BA891EB076C50013A886 /* ViewController.m */ = {isa = PBXFileReference; lastKnownFileType = sourcecode.c.objc; path = ViewController.m; sourceTree = "<group>"; };
		32D1BA8C1EB076C50013A886 /* Base */ = {isa = PBXFileReference; lastKnownFileType = file.storyboard; name = Base; path = Base.lproj/Main.storyboard; sourceTree = "<group>"; };
		32D1BA8E1EB076C50013A886 /* Assets.xcassets */ = {isa = PBXFileReference; lastKnownFileType = folder.assetcatalog; path = Assets.xcassets; sourceTree = "<group>"; };
		32D1BA911EB076C50013A886 /* Base */ = {isa = PBXFileReference; lastKnownFileType = file.storyboard; name = Base; path = Base.lproj/LaunchScreen.storyboard; sourceTree = "<group>"; };
		32D1BA931EB076C50013A886 /* Info.plist */ = {isa = PBXFileReference; lastKnownFileType = text.plist.xml; path = Info.plist; sourceTree = "<group>"; };
		32D1BA981EB076C50013A886 /* 扫描封装Tests.xctest */ = {isa = PBXFileReference; explicitFileType = wrapper.cfbundle; includeInIndex = 0; path = "扫描封装Tests.xctest"; sourceTree = BUILT_PRODUCTS_DIR; };
		32D1BA9C1EB076C50013A886 /* ____Tests.m */ = {isa = PBXFileReference; lastKnownFileType = sourcecode.c.objc; path = "____Tests.m"; sourceTree = "<group>"; };
		32D1BA9E1EB076C50013A886 /* Info.plist */ = {isa = PBXFileReference; lastKnownFileType = text.plist.xml; path = Info.plist; sourceTree = "<group>"; };
		32D1BAA31EB076C50013A886 /* 扫描封装UITests.xctest */ = {isa = PBXFileReference; explicitFileType = wrapper.cfbundle; includeInIndex = 0; path = "扫描封装UITests.xctest"; sourceTree = BUILT_PRODUCTS_DIR; };
		32D1BAA71EB076C50013A886 /* ____UITests.m */ = {isa = PBXFileReference; lastKnownFileType = sourcecode.c.objc; path = "____UITests.m"; sourceTree = "<group>"; };
		32D1BAA91EB076C50013A886 /* Info.plist */ = {isa = PBXFileReference; lastKnownFileType = text.plist.xml; path = Info.plist; sourceTree = "<group>"; };
		32F07F611EB2DC6200399EE1 /* bm_scafn_image_qr_scan_line@2x.png */ = {isa = PBXFileReference; lastKnownFileType = image.png; path = "bm_scafn_image_qr_scan_line@2x.png"; sourceTree = "<group>"; };
/* End PBXFileReference section */

/* Begin PBXFrameworksBuildPhase section */
		32D1BA7C1EB076C50013A886 /* Frameworks */ = {
			isa = PBXFrameworksBuildPhase;
			buildActionMask = 2147483647;
			files = (
			);
			runOnlyForDeploymentPostprocessing = 0;
		};
		32D1BA951EB076C50013A886 /* Frameworks */ = {
			isa = PBXFrameworksBuildPhase;
			buildActionMask = 2147483647;
			files = (
			);
			runOnlyForDeploymentPostprocessing = 0;
		};
		32D1BAA01EB076C50013A886 /* Frameworks */ = {
			isa = PBXFrameworksBuildPhase;
			buildActionMask = 2147483647;
			files = (
			);
			runOnlyForDeploymentPostprocessing = 0;
		};
/* End PBXFrameworksBuildPhase section */

/* Begin PBXGroup section */
		32D1BA761EB076C50013A886 = {
			isa = PBXGroup;
			children = (
				32D1BA811EB076C50013A886 /* 扫描封装 */,
				32D1BA9B1EB076C50013A886 /* 扫描封装Tests */,
				32D1BAA61EB076C50013A886 /* 扫描封装UITests */,
				32D1BA801EB076C50013A886 /* Products */,
			);
			sourceTree = "<group>";
		};
		32D1BA801EB076C50013A886 /* Products */ = {
			isa = PBXGroup;
			children = (
				32D1BA7F1EB076C50013A886 /* 扫描封装.app */,
				32D1BA981EB076C50013A886 /* 扫描封装Tests.xctest */,
				32D1BAA31EB076C50013A886 /* 扫描封装UITests.xctest */,
			);
			name = Products;
			sourceTree = "<group>";
		};
		32D1BA811EB076C50013A886 /* 扫描封装 */ = {
			isa = PBXGroup;
			children = (
				32D1BABA1EB078000013A886 /* BMScanningVC */,
				32D1BA851EB076C50013A886 /* AppDelegate.h */,
				32D1BA861EB076C50013A886 /* AppDelegate.m */,
				32D1BA881EB076C50013A886 /* ViewController.h */,
				32D1BA891EB076C50013A886 /* ViewController.m */,
				32D1BA8B1EB076C50013A886 /* Main.storyboard */,
				32D1BA8E1EB076C50013A886 /* Assets.xcassets */,
				32D1BA901EB076C50013A886 /* LaunchScreen.storyboard */,
				32D1BA931EB076C50013A886 /* Info.plist */,
				32D1BA821EB076C50013A886 /* Supporting Files */,
			);
			path = "扫描封装";
			sourceTree = "<group>";
		};
		32D1BA821EB076C50013A886 /* Supporting Files */ = {
			isa = PBXGroup;
			children = (
				32D1BA831EB076C50013A886 /* main.m */,
			);
			name = "Supporting Files";
			sourceTree = "<group>";
		};
		32D1BA9B1EB076C50013A886 /* 扫描封装Tests */ = {
			isa = PBXGroup;
			children = (
				32D1BA9C1EB076C50013A886 /* ____Tests.m */,
				32D1BA9E1EB076C50013A886 /* Info.plist */,
			);
			path = "扫描封装Tests";
			sourceTree = "<group>";
		};
		32D1BAA61EB076C50013A886 /* 扫描封装UITests */ = {
			isa = PBXGroup;
			children = (
				32D1BAA71EB076C50013A886 /* ____UITests.m */,
				32D1BAA91EB076C50013A886 /* Info.plist */,
			);
			path = "扫描封装UITests";
			sourceTree = "<group>";
		};
		32D1BABA1EB078000013A886 /* BMScanningVC */ = {
			isa = PBXGroup;
			children = (
				32A3FC061EB2D41800672716 /* BMScanSettingView.h */,
				32A3FC071EB2D41800672716 /* BMScanSettingView.m */,
				32A3FC081EB2D41800672716 /* BMScanSettingView.xib */,
				32F07F611EB2DC6200399EE1 /* bm_scafn_image_qr_scan_line@2x.png */,
				32A3FC0B1EB2D54100672716 /* bm_scafn_image_qr_corner_001_@2x.png */,
				32A3FC0C1EB2D54100672716 /* bm_scafn_image_qr_corner_001_@3x.png */,
				32A3FC0D1EB2D54100672716 /* bm_scafn_image_qr_corner_002_@2x.png */,
				32A3FC0E1EB2D54100672716 /* bm_scafn_image_qr_corner_002_@3x.png */,
				32A3FC0F1EB2D54100672716 /* bm_scafn_image_qr_corner_003_@2x.png */,
				32A3FC101EB2D54100672716 /* bm_scafn_image_qr_corner_003_@3x.png */,
				32A3FC111EB2D54100672716 /* bm_scafn_image_qr_corner_004_@2x.png */,
				32A3FC121EB2D54100672716 /* bm_scafn_image_qr_corner_004_@3x.png */,
				32A3FBFC1EB2C96900672716 /* BMBaseScanningController.h */,
				32A3FBFD1EB2C96900672716 /* BMBaseScanningController.m */,
				32A3FC011EB2D2E200672716 /* BMDefaultScanningController.h */,
				32A3FC021EB2D2E200672716 /* BMDefaultScanningController.m */,
				329F815A1EB323A7007F20AB /* BMViewController.h */,
				329F815B1EB323A7007F20AB /* BMViewController.m */,
				329F815C1EB323A7007F20AB /* BMViewController.xib */,
			);
			name = BMScanningVC;
			sourceTree = "<group>";
		};
/* End PBXGroup section */

/* Begin PBXNativeTarget section */
		32D1BA7E1EB076C50013A886 /* 扫描封装 */ = {
			isa = PBXNativeTarget;
			buildConfigurationList = 32D1BAAC1EB076C50013A886 /* Build configuration list for PBXNativeTarget "扫描封装" */;
			buildPhases = (
				32D1BA7B1EB076C50013A886 /* Sources */,
				32D1BA7C1EB076C50013A886 /* Frameworks */,
				32D1BA7D1EB076C50013A886 /* Resources */,
			);
			buildRules = (
			);
			dependencies = (
			);
			name = "扫描封装";
			productName = "扫描封装";
			productReference = 32D1BA7F1EB076C50013A886 /* 扫描封装.app */;
			productType = "com.apple.product-type.application";
		};
		32D1BA971EB076C50013A886 /* 扫描封装Tests */ = {
			isa = PBXNativeTarget;
			buildConfigurationList = 32D1BAAF1EB076C50013A886 /* Build configuration list for PBXNativeTarget "扫描封装Tests" */;
			buildPhases = (
				32D1BA941EB076C50013A886 /* Sources */,
				32D1BA951EB076C50013A886 /* Frameworks */,
				32D1BA961EB076C50013A886 /* Resources */,
			);
			buildRules = (
			);
			dependencies = (
				32D1BA9A1EB076C50013A886 /* PBXTargetDependency */,
			);
			name = "扫描封装Tests";
			productName = "扫描封装Tests";
			productReference = 32D1BA981EB076C50013A886 /* 扫描封装Tests.xctest */;
			productType = "com.apple.product-type.bundle.unit-test";
		};
		32D1BAA21EB076C50013A886 /* 扫描封装UITests */ = {
			isa = PBXNativeTarget;
			buildConfigurationList = 32D1BAB21EB076C50013A886 /* Build configuration list for PBXNativeTarget "扫描封装UITests" */;
			buildPhases = (
				32D1BA9F1EB076C50013A886 /* Sources */,
				32D1BAA01EB076C50013A886 /* Frameworks */,
				32D1BAA11EB076C50013A886 /* Resources */,
			);
			buildRules = (
			);
			dependencies = (
				32D1BAA51EB076C50013A886 /* PBXTargetDependency */,
			);
			name = "扫描封装UITests";
			productName = "扫描封装UITests";
			productReference = 32D1BAA31EB076C50013A886 /* 扫描封装UITests.xctest */;
			productType = "com.apple.product-type.bundle.ui-testing";
		};
/* End PBXNativeTarget section */

/* Begin PBXProject section */
		32D1BA771EB076C50013A886 /* Project object */ = {
			isa = PBXProject;
			attributes = {
				LastUpgradeCheck = 0830;
				ORGANIZATIONNAME = "月亮小屋（中国）有限公司";
				TargetAttributes = {
					32D1BA7E1EB076C50013A886 = {
						CreatedOnToolsVersion = 8.3.1;
						DevelopmentTeam = 8RB35RM424;
						ProvisioningStyle = Automatic;
					};
					32D1BA971EB076C50013A886 = {
						CreatedOnToolsVersion = 8.3.1;
						DevelopmentTeam = 8RB35RM424;
						ProvisioningStyle = Automatic;
						TestTargetID = 32D1BA7E1EB076C50013A886;
					};
					32D1BAA21EB076C50013A886 = {
						CreatedOnToolsVersion = 8.3.1;
						DevelopmentTeam = 8RB35RM424;
						ProvisioningStyle = Automatic;
						TestTargetID = 32D1BA7E1EB076C50013A886;
					};
				};
			};
			buildConfigurationList = 32D1BA7A1EB076C50013A886 /* Build configuration list for PBXProject "扫描封装" */;
			compatibilityVersion = "Xcode 3.2";
			developmentRegion = English;
			hasScannedForEncodings = 0;
			knownRegions = (
				en,
				Base,
			);
			mainGroup = 32D1BA761EB076C50013A886;
			productRefGroup = 32D1BA801EB076C50013A886 /* Products */;
			projectDirPath = "";
			projectRoot = "";
			targets = (
				32D1BA7E1EB076C50013A886 /* 扫描封装 */,
				32D1BA971EB076C50013A886 /* 扫描封装Tests */,
				32D1BAA21EB076C50013A886 /* 扫描封装UITests */,
			);
		};
/* End PBXProject section */

/* Begin PBXResourcesBuildPhase section */
		32D1BA7D1EB076C50013A886 /* Resources */ = {
			isa = PBXResourcesBuildPhase;
			buildActionMask = 2147483647;
			files = (
				32A3FC191EB2D54100672716 /* bm_scafn_image_qr_corner_004_@2x.png in Resources */,
				32D1BA921EB076C50013A886 /* LaunchScreen.storyboard in Resources */,
				32A3FC171EB2D54100672716 /* bm_scafn_image_qr_corner_003_@2x.png in Resources */,
				32F07F621EB2DC6200399EE1 /* bm_scafn_image_qr_scan_line@2x.png in Resources */,
				32A3FC181EB2D54100672716 /* bm_scafn_image_qr_corner_003_@3x.png in Resources */,
				32D1BA8F1EB076C50013A886 /* Assets.xcassets in Resources */,
				329F815E1EB323A7007F20AB /* BMViewController.xib in Resources */,
				32A3FC141EB2D54100672716 /* bm_scafn_image_qr_corner_001_@3x.png in Resources */,
				32A3FC131EB2D54100672716 /* bm_scafn_image_qr_corner_001_@2x.png in Resources */,
				32A3FC1A1EB2D54100672716 /* bm_scafn_image_qr_corner_004_@3x.png in Resources */,
				32D1BA8D1EB076C50013A886 /* Main.storyboard in Resources */,
				32A3FC161EB2D54100672716 /* bm_scafn_image_qr_corner_002_@3x.png in Resources */,
				32A3FC151EB2D54100672716 /* bm_scafn_image_qr_corner_002_@2x.png in Resources */,
				32A3FC0A1EB2D41800672716 /* BMScanSettingView.xib in Resources */,
			);
			runOnlyForDeploymentPostprocessing = 0;
		};
		32D1BA961EB076C50013A886 /* Resources */ = {
			isa = PBXResourcesBuildPhase;
			buildActionMask = 2147483647;
			files = (
			);
			runOnlyForDeploymentPostprocessing = 0;
		};
		32D1BAA11EB076C50013A886 /* Resources */ = {
			isa = PBXResourcesBuildPhase;
			buildActionMask = 2147483647;
			files = (
			);
			runOnlyForDeploymentPostprocessing = 0;
		};
/* End PBXResourcesBuildPhase section */

/* Begin PBXSourcesBuildPhase section */
		32D1BA7B1EB076C50013A886 /* Sources */ = {
			isa = PBXSourcesBuildPhase;
			buildActionMask = 2147483647;
			files = (
				32D1BA8A1EB076C50013A886 /* ViewController.m in Sources */,
				32A3FC041EB2D2E200672716 /* BMDefaultScanningController.m in Sources */,
				32A3FBFF1EB2C96900672716 /* BMBaseScanningController.m in Sources */,
				32D1BA871EB076C50013A886 /* AppDelegate.m in Sources */,
				32D1BA841EB076C50013A886 /* main.m in Sources */,
				329F815D1EB323A7007F20AB /* BMViewController.m in Sources */,
				32A3FC091EB2D41800672716 /* BMScanSettingView.m in Sources */,
			);
			runOnlyForDeploymentPostprocessing = 0;
		};
		32D1BA941EB076C50013A886 /* Sources */ = {
			isa = PBXSourcesBuildPhase;
			buildActionMask = 2147483647;
			files = (
				32D1BA9D1EB076C50013A886 /* ____Tests.m in Sources */,
			);
			runOnlyForDeploymentPostprocessing = 0;
		};
		32D1BA9F1EB076C50013A886 /* Sources */ = {
			isa = PBXSourcesBuildPhase;
			buildActionMask = 2147483647;
			files = (
				32D1BAA81EB076C50013A886 /* ____UITests.m in Sources */,
			);
			runOnlyForDeploymentPostprocessing = 0;
		};
/* End PBXSourcesBuildPhase section */

/* Begin PBXTargetDependency section */
		32D1BA9A1EB076C50013A886 /* PBXTargetDependency */ = {
			isa = PBXTargetDependency;
			target = 32D1BA7E1EB076C50013A886 /* 扫描封装 */;
			targetProxy = 32D1BA991EB076C50013A886 /* PBXContainerItemProxy */;
		};
		32D1BAA51EB076C50013A886 /* PBXTargetDependency */ = {
			isa = PBXTargetDependency;
			target = 32D1BA7E1EB076C50013A886 /* 扫描封装 */;
			targetProxy = 32D1BAA41EB076C50013A886 /* PBXContainerItemProxy */;
		};
/* End PBXTargetDependency section */

/* Begin PBXVariantGroup section */
		32D1BA8B1EB076C50013A886 /* Main.storyboard */ = {
			isa = PBXVariantGroup;
			children = (
				32D1BA8C1EB076C50013A886 /* Base */,
			);
			name = Main.storyboard;
			sourceTree = "<group>";
		};
		32D1BA901EB076C50013A886 /* LaunchScreen.storyboard */ = {
			isa = PBXVariantGroup;
			children = (
				32D1BA911EB076C50013A886 /* Base */,
			);
			name = LaunchScreen.storyboard;
			sourceTree = "<group>";
		};
/* End PBXVariantGroup section */

/* Begin XCBuildConfiguration section */
		32D1BAAA1EB076C50013A886 /* Debug */ = {
			isa = XCBuildConfiguration;
			buildSettings = {
				ALWAYS_SEARCH_USER_PATHS = NO;
				CLANG_ANALYZER_NONNULL = YES;
				CLANG_ANALYZER_NUMBER_OBJECT_CONVERSION = YES_AGGRESSIVE;
				CLANG_CXX_LANGUAGE_STANDARD = "gnu++0x";
				CLANG_CXX_LIBRARY = "libc++";
				CLANG_ENABLE_MODULES = YES;
				CLANG_ENABLE_OBJC_ARC = YES;
				CLANG_WARN_BOOL_CONVERSION = YES;
				CLANG_WARN_CONSTANT_CONVERSION = YES;
				CLANG_WARN_DIRECT_OBJC_ISA_USAGE = YES_ERROR;
				CLANG_WARN_DOCUMENTATION_COMMENTS = YES;
				CLANG_WARN_EMPTY_BODY = YES;
				CLANG_WARN_ENUM_CONVERSION = YES;
				CLANG_WARN_INFINITE_RECURSION = YES;
				CLANG_WARN_INT_CONVERSION = YES;
				CLANG_WARN_OBJC_ROOT_CLASS = YES_ERROR;
				CLANG_WARN_SUSPICIOUS_MOVE = YES;
				CLANG_WARN_UNREACHABLE_CODE = YES;
				CLANG_WARN__DUPLICATE_METHOD_MATCH = YES;
				"CODE_SIGN_IDENTITY[sdk=iphoneos*]" = "iPhone Developer";
				COPY_PHASE_STRIP = NO;
				DEBUG_INFORMATION_FORMAT = dwarf;
				ENABLE_STRICT_OBJC_MSGSEND = YES;
				ENABLE_TESTABILITY = YES;
				GCC_C_LANGUAGE_STANDARD = gnu99;
				GCC_DYNAMIC_NO_PIC = NO;
				GCC_NO_COMMON_BLOCKS = YES;
				GCC_OPTIMIZATION_LEVEL = 0;
				GCC_PREPROCESSOR_DEFINITIONS = (
					"DEBUG=1",
					"$(inherited)",
				);
				GCC_WARN_64_TO_32_BIT_CONVERSION = YES;
				GCC_WARN_ABOUT_RETURN_TYPE = YES_ERROR;
				GCC_WARN_UNDECLARED_SELECTOR = YES;
				GCC_WARN_UNINITIALIZED_AUTOS = YES_AGGRESSIVE;
				GCC_WARN_UNUSED_FUNCTION = YES;
				GCC_WARN_UNUSED_VARIABLE = YES;
				IPHONEOS_DEPLOYMENT_TARGET = 10.3;
				MTL_ENABLE_DEBUG_INFO = YES;
				ONLY_ACTIVE_ARCH = YES;
				SDKROOT = iphoneos;
				TARGETED_DEVICE_FAMILY = "1,2";
			};
			name = Debug;
		};
		32D1BAAB1EB076C50013A886 /* Release */ = {
			isa = XCBuildConfiguration;
			buildSettings = {
				ALWAYS_SEARCH_USER_PATHS = NO;
				CLANG_ANALYZER_NONNULL = YES;
				CLANG_ANALYZER_NUMBER_OBJECT_CONVERSION = YES_AGGRESSIVE;
				CLANG_CXX_LANGUAGE_STANDARD = "gnu++0x";
				CLANG_CXX_LIBRARY = "libc++";
				CLANG_ENABLE_MODULES = YES;
				CLANG_ENABLE_OBJC_ARC = YES;
				CLANG_WARN_BOOL_CONVERSION = YES;
				CLANG_WARN_CONSTANT_CONVERSION = YES;
				CLANG_WARN_DIRECT_OBJC_ISA_USAGE = YES_ERROR;
				CLANG_WARN_DOCUMENTATION_COMMENTS = YES;
				CLANG_WARN_EMPTY_BODY = YES;
				CLANG_WARN_ENUM_CONVERSION = YES;
				CLANG_WARN_INFINITE_RECURSION = YES;
				CLANG_WARN_INT_CONVERSION = YES;
				CLANG_WARN_OBJC_ROOT_CLASS = YES_ERROR;
				CLANG_WARN_SUSPICIOUS_MOVE = YES;
				CLANG_WARN_UNREACHABLE_CODE = YES;
				CLANG_WARN__DUPLICATE_METHOD_MATCH = YES;
				"CODE_SIGN_IDENTITY[sdk=iphoneos*]" = "iPhone Developer";
				COPY_PHASE_STRIP = NO;
				DEBUG_INFORMATION_FORMAT = "dwarf-with-dsym";
				ENABLE_NS_ASSERTIONS = NO;
				ENABLE_STRICT_OBJC_MSGSEND = YES;
				GCC_C_LANGUAGE_STANDARD = gnu99;
				GCC_NO_COMMON_BLOCKS = YES;
				GCC_WARN_64_TO_32_BIT_CONVERSION = YES;
				GCC_WARN_ABOUT_RETURN_TYPE = YES_ERROR;
				GCC_WARN_UNDECLARED_SELECTOR = YES;
				GCC_WARN_UNINITIALIZED_AUTOS = YES_AGGRESSIVE;
				GCC_WARN_UNUSED_FUNCTION = YES;
				GCC_WARN_UNUSED_VARIABLE = YES;
				IPHONEOS_DEPLOYMENT_TARGET = 10.3;
				MTL_ENABLE_DEBUG_INFO = NO;
				SDKROOT = iphoneos;
				TARGETED_DEVICE_FAMILY = "1,2";
				VALIDATE_PRODUCT = YES;
			};
			name = Release;
		};
		32D1BAAD1EB076C50013A886 /* Debug */ = {
			isa = XCBuildConfiguration;
			buildSettings = {
				ASSETCATALOG_COMPILER_APPICON_NAME = AppIcon;
				DEVELOPMENT_TEAM = 8RB35RM424;
				INFOPLIST_FILE = "扫描封装/Info.plist";
				IPHONEOS_DEPLOYMENT_TARGET = 8.0;
				LD_RUNPATH_SEARCH_PATHS = "$(inherited) @executable_path/Frameworks";
				PRODUCT_BUNDLE_IDENTIFIER = "cn.com.bluemoon.----";
				PRODUCT_NAME = "$(TARGET_NAME)";
			};
			name = Debug;
		};
		32D1BAAE1EB076C50013A886 /* Release */ = {
			isa = XCBuildConfiguration;
			buildSettings = {
				ASSETCATALOG_COMPILER_APPICON_NAME = AppIcon;
				DEVELOPMENT_TEAM = 8RB35RM424;
				INFOPLIST_FILE = "扫描封装/Info.plist";
				IPHONEOS_DEPLOYMENT_TARGET = 8.0;
				LD_RUNPATH_SEARCH_PATHS = "$(inherited) @executable_path/Frameworks";
				PRODUCT_BUNDLE_IDENTIFIER = "cn.com.bluemoon.----";
				PRODUCT_NAME = "$(TARGET_NAME)";
			};
			name = Release;
		};
		32D1BAB01EB076C50013A886 /* Debug */ = {
			isa = XCBuildConfiguration;
			buildSettings = {
				BUNDLE_LOADER = "$(TEST_HOST)";
				DEVELOPMENT_TEAM = 8RB35RM424;
				INFOPLIST_FILE = "扫描封装Tests/Info.plist";
				LD_RUNPATH_SEARCH_PATHS = "$(inherited) @executable_path/Frameworks @loader_path/Frameworks";
				PRODUCT_BUNDLE_IDENTIFIER = "cn.com.bluemoon.----Tests";
				PRODUCT_NAME = "$(TARGET_NAME)";
				TEST_HOST = "$(BUILT_PRODUCTS_DIR)/扫描封装.app/扫描封装";
			};
			name = Debug;
		};
		32D1BAB11EB076C50013A886 /* Release */ = {
			isa = XCBuildConfiguration;
			buildSettings = {
				BUNDLE_LOADER = "$(TEST_HOST)";
				DEVELOPMENT_TEAM = 8RB35RM424;
				INFOPLIST_FILE = "扫描封装Tests/Info.plist";
				LD_RUNPATH_SEARCH_PATHS = "$(inherited) @executable_path/Frameworks @loader_path/Frameworks";
				PRODUCT_BUNDLE_IDENTIFIER = "cn.com.bluemoon.----Tests";
				PRODUCT_NAME = "$(TARGET_NAME)";
				TEST_HOST = "$(BUILT_PRODUCTS_DIR)/扫描封装.app/扫描封装";
			};
			name = Release;
		};
		32D1BAB31EB076C50013A886 /* Debug */ = {
			isa = XCBuildConfiguration;
			buildSettings = {
				DEVELOPMENT_TEAM = 8RB35RM424;
				INFOPLIST_FILE = "扫描封装UITests/Info.plist";
				LD_RUNPATH_SEARCH_PATHS = "$(inherited) @executable_path/Frameworks @loader_path/Frameworks";
				PRODUCT_BUNDLE_IDENTIFIER = "cn.com.bluemoon.----UITests";
				PRODUCT_NAME = "$(TARGET_NAME)";
				TEST_TARGET_NAME = "扫描封装";
			};
			name = Debug;
		};
		32D1BAB41EB076C50013A886 /* Release */ = {
			isa = XCBuildConfiguration;
			buildSettings = {
				DEVELOPMENT_TEAM = 8RB35RM424;
				INFOPLIST_FILE = "扫描封装UITests/Info.plist";
				LD_RUNPATH_SEARCH_PATHS = "$(inherited) @executable_path/Frameworks @loader_path/Frameworks";
				PRODUCT_BUNDLE_IDENTIFIER = "cn.com.bluemoon.----UITests";
				PRODUCT_NAME = "$(TARGET_NAME)";
				TEST_TARGET_NAME = "扫描封装";
			};
			name = Release;
		};
/* End XCBuildConfiguration section */

/* Begin XCConfigurationList section */
		32D1BA7A1EB076C50013A886 /* Build configuration list for PBXProject "扫描封装" */ = {
			isa = XCConfigurationList;
			buildConfigurations = (
				32D1BAAA1EB076C50013A886 /* Debug */,
				32D1BAAB1EB076C50013A886 /* Release */,
			);
			defaultConfigurationIsVisible = 0;
			defaultConfigurationName = Release;
		};
		32D1BAAC1EB076C50013A886 /* Build configuration list for PBXNativeTarget "扫描封装" */ = {
			isa = XCConfigurationList;
			buildConfigurations = (
				32D1BAAD1EB076C50013A886 /* Debug */,
				32D1BAAE1EB076C50013A886 /* Release */,
			);
			defaultConfigurationIsVisible = 0;
			defaultConfigurationName = Release;
		};
		32D1BAAF1EB076C50013A886 /* Build configuration list for PBXNativeTarget "扫描封装Tests" */ = {
			isa = XCConfigurationList;
			buildConfigurations = (
				32D1BAB01EB076C50013A886 /* Debug */,
				32D1BAB11EB076C50013A886 /* Release */,
			);
			defaultConfigurationIsVisible = 0;
			defaultConfigurationName = Release;
		};
		32D1BAB21EB076C50013A886 /* Build configuration list for PBXNativeTarget "扫描封装UITests" */ = {
			isa = XCConfigurationList;
			buildConfigurations = (
				32D1BAB31EB076C50013A886 /* Debug */,
				32D1BAB41EB076C50013A886 /* Release */,
			);
			defaultConfigurationIsVisible = 0;
			defaultConfigurationName = Release;
		};
/* End XCConfigurationList section */
	};
	rootObject = 32D1BA771EB076C50013A886 /* Project object */;
}
